{
  "name": "uni-drink",
  "version": "1.0.0",
  "lockfileVersion": 1,
  "requires": true,
  "dependencies": {
    "uview-ui": {
      "version": "1.3.3",
      "resolved": "https://registry.npmjs.org/uview-ui/-/uview-ui-1.3.3.tgz",
      "integrity": "sha512-aDXZCptHhBCzuPujX9QyCV26y2dX7WgNpm3VX9+6fxoeA6eA8s4CneNTh5jrsKzPrUYbbEs9TSqmN7zIN3a9xQ=="
    }
  }
}
